
Microsoft Visual Studio Solution File, Format Version 12.00
# Visual Studio Version 16
VisualStudioVersion = 16.0.32002.261
MinimumVisualStudioVersion = 10.0.40219.1
Project("{FAE04EC0-301F-11D3-BF4B-00C04F79EFBC}") = "DataIngestService", "DataIngestService\DataIngestService.csproj", "{B8281256-0040-4218-AFBE-D573D7B107A2}"
EndProject
Global
	GlobalSection(SolutionConfigurationPlatforms) = preSolution
		Debug|Any CPU = Debug|Any CPU
		Release|Any CPU = Release|Any CPU
	EndGlobalSection
	GlobalSection(ProjectConfigurationPlatforms) = postSolution
		{B8281256-0040-4218-AFBE-D573D7B107A2}.Debug|Any CPU.ActiveCfg = Debug|Any CPU
		{B8281256-0040-4218-AFBE-D573D7B107A2}.Debug|Any CPU.Build.0 = Debug|Any CPU
		{B8281256-0040-4218-AFBE-D573D7B107A2}.Release|Any CPU.ActiveCfg = Release|Any CPU
		{B8281256-0040-4218-AFBE-D573D7B107A2}.Release|Any CPU.Build.0 = Release|Any CPU
	EndGlobalSection
	GlobalSection(SolutionProperties) = preSolution
		HideSolutionNode = FALSE
	EndGlobalSection
	GlobalSection(ExtensibilityGlobals) = postSolution
		SolutionGuid = {E174F38A-2105-4CE6-AAF5-D5AC9D915132}
	EndGlobalSection
EndGlobal
